
Microsoft Visual Studio Solution File, Format Version 12.00
# Visual Studio Version 16
VisualStudioVersion = 16.0.31515.178
MinimumVisualStudioVersion = 10.0.40219.1
Project("{FAE04EC0-301F-11D3-BF4B-00C04F79EFBC}") = "PetStore.API", "..\PetStore.API\PetStore.API.csproj", "{D874567F-84F1-4F4A-9F4B-DC1BDAFE2F1D}"
EndProject
Project("{FAE04EC0-301F-11D3-BF4B-00C04F79EFBC}") = "PetStore.Common", "..\PetStore.Common\PetStore.Common.csproj", "{9BF39804-DB0B-4845-B005-181878343DB7}"
EndProject
Project("{FAE04EC0-301F-11D3-BF4B-00C04F79EFBC}") = "PetStore.API.Tests", "..\PetStore.API.Tests\PetStore.API.Tests.csproj", "{5217816B-C44E-4B71-8B20-A2A4C8C8F04C}"
EndProject
Global
	GlobalSection(SolutionConfigurationPlatforms) = preSolution
		Debug|Any CPU = Debug|Any CPU
		Release|Any CPU = Release|Any CPU
	EndGlobalSection
	GlobalSection(ProjectConfigurationPlatforms) = postSolution
		{D874567F-84F1-4F4A-9F4B-DC1BDAFE2F1D}.Debug|Any CPU.ActiveCfg = Debug|Any CPU
		{D874567F-84F1-4F4A-9F4B-DC1BDAFE2F1D}.Debug|Any CPU.Build.0 = Debug|Any CPU
		{D874567F-84F1-4F4A-9F4B-DC1BDAFE2F1D}.Release|Any CPU.ActiveCfg = Release|Any CPU
		{D874567F-84F1-4F4A-9F4B-DC1BDAFE2F1D}.Release|Any CPU.Build.0 = Release|Any CPU
		{9BF39804-DB0B-4845-B005-181878343DB7}.Debug|Any CPU.ActiveCfg = Debug|Any CPU
		{9BF39804-DB0B-4845-B005-181878343DB7}.Debug|Any CPU.Build.0 = Debug|Any CPU
		{9BF39804-DB0B-4845-B005-181878343DB7}.Release|Any CPU.ActiveCfg = Release|Any CPU
		{9BF39804-DB0B-4845-B005-181878343DB7}.Release|Any CPU.Build.0 = Release|Any CPU
		{5217816B-C44E-4B71-8B20-A2A4C8C8F04C}.Debug|Any CPU.ActiveCfg = Debug|Any CPU
		{5217816B-C44E-4B71-8B20-A2A4C8C8F04C}.Debug|Any CPU.Build.0 = Debug|Any CPU
		{5217816B-C44E-4B71-8B20-A2A4C8C8F04C}.Release|Any CPU.ActiveCfg = Release|Any CPU
		{5217816B-C44E-4B71-8B20-A2A4C8C8F04C}.Release|Any CPU.Build.0 = Release|Any CPU
	EndGlobalSection
	GlobalSection(SolutionProperties) = preSolution
		HideSolutionNode = FALSE
	EndGlobalSection
	GlobalSection(ExtensibilityGlobals) = postSolution
		SolutionGuid = {889F73B1-2588-4FB2-82E1-7DBD5D7B4574}
	EndGlobalSection
EndGlobal
